<?xml version="1.0" encoding="utf-8"?>
<Project ToolsVersion="4.0" xmlns="http://schemas.microsoft.com/developer/msbuild/2003">
  <ItemGroup>
    <Filter Include="WorkSpace">
      <UniqueIdentifier>{d4ade98c-77eb-4a7a-9661-c2f150398a6f}</UniqueIdentifier>
    </Filter>
    <Filter Include="WorkSpace\#App">
      <UniqueIdentifier>{53e14a9b-c07e-4ab9-9684-b5b5a51df8f2}</UniqueIdentifier>
    </Filter>
    <Filter Include="WorkSpace\#etc.">
      <UniqueIdentifier>{4FC737F1-C7A5-4376-A066-2A32D752A2FF}</UniqueIdentifier>
      <Extensions>cpp;c;cc;cxx;c++;cppm;ixx;def;odl;idl;hpj;bat;asm;asmx</Extensions>
    </Filter>
    <Filter Include="WorkSpace\#HeaderOnly">
      <UniqueIdentifier>{2611804f-13b8-4c22-8c9e-4b34d3ddfdae}</UniqueIdentifier>
    </Filter>
    <Filter Include="Shader">
      <UniqueIdentifier>{67DA6AB6-F800-4c08-8B7A-83BB121AAD01}</UniqueIdentifier>
      <Extensions>rc;ico;cur;bmp;dlg;rc2;rct;bin;rgs;gif;jpg;jpeg;jpe;resx;tiff;tif;png;wav;mfcribbon-ms</Extensions>
    </Filter>
    <Filter Include="WorkSpace\#ResourceManager">
      <UniqueIdentifier>{4b6f20fa-8c76-4435-8082-4e1ea8e51b49}</UniqueIdentifier>
    </Filter>
  </ItemGroup>
  <ItemGroup>
    <ClCompile Include="AssimpImporterEX.cpp">
      <Filter>WorkSpace\#etc.</Filter>
    </ClCompile>
    <ClCompile Include="RigidSkeletal.cpp">
      <Filter>WorkSpace\#etc.</Filter>
    </ClCompile>
    <ClCompile Include="SkinnedMesh.cpp">
      <Filter>WorkSpace\#etc.</Filter>
    </ClCompile>
    <ClCompile Include="SkinnedSkeletal.cpp">
      <Filter>WorkSpace\#etc.</Filter>
    </ClCompile>
    <ClCompile Include="StaticMesh.cpp">
      <Filter>WorkSpace\#etc.</Filter>
    </ClCompile>
    <ClCompile Include="TutorialApp_SceneInit.cpp">
      <Filter>WorkSpace\#App</Filter>
    </ClCompile>
    <ClCompile Include="TutorialApp_D3DInit.cpp">
      <Filter>WorkSpace\#App</Filter>
    </ClCompile>
    <ClCompile Include="TutorialApp_ImGui.cpp">
      <Filter>WorkSpace\#App</Filter>
    </ClCompile>
    <ClCompile Include="TutorialApp_Lifecycle.cpp">
      <Filter>WorkSpace\#App</Filter>
    </ClCompile>
    <ClCompile Include="TutorialApp_RenderPass.cpp">
      <Filter>WorkSpace\#App</Filter>
    </ClCompile>
    <ClCompile Include="WinMain.cpp">
      <Filter>WorkSpace\#App</Filter>
    </ClCompile>
    <ClCompile Include="Material.cpp">
      <Filter>WorkSpace\#etc.</Filter>
    </ClCompile>
    <ClCompile Include="ResourceManager.cpp">
      <Filter>WorkSpace\#ResourceManager</Filter>
    </ClCompile>
    <ClCompile Include="SkinnedModelResource.cpp">
      <Filter>WorkSpace\#ResourceManager</Filter>
    </ClCompile>
    <ClCompile Include="StaticMeshResource.cpp">
      <Filter>WorkSpace\#ResourceManager</Filter>
    </ClCompile>
  </ItemGroup>
  <ItemGroup>
    <ClInclude Include="TutorialApp.h">
      <Filter>WorkSpace\#App</Filter>
    </ClInclude>
    <ClInclude Include="AssimpImporterEX.h">
      <Filter>WorkSpace\#etc.</Filter>
    </ClInclude>
    <ClInclude Include="RigidSkeletal.h">
      <Filter>WorkSpace\#etc.</Filter>
    </ClInclude>
    <ClInclude Include="SkinnedMesh.h">
      <Filter>WorkSpace\#etc.</Filter>
    </ClInclude>
    <ClInclude Include="SkinnedSkeletal.h">
      <Filter>WorkSpace\#etc.</Filter>
    </ClInclude>
    <ClInclude Include="StaticMesh.h">
      <Filter>WorkSpace\#etc.</Filter>
    </ClInclude>
    <ClInclude Include="Material.h">
      <Filter>WorkSpace\#etc.</Filter>
    </ClInclude>
    <ClInclude Include="RenderSharedCB.h">
      <Filter>WorkSpace\#HeaderOnly</Filter>
    </ClInclude>
    <ClInclude Include="MeshDataEx.h">
      <Filter>WorkSpace\#HeaderOnly</Filter>
    </ClInclude>
    <ClInclude Include="ResourceManager.h">
      <Filter>WorkSpace\#ResourceManager</Filter>
    </ClInclude>
    <ClInclude Include="Texture2DResource.h">
      <Filter>WorkSpace\#ResourceManager</Filter>
    </ClInclude>
    <ClInclude Include="StaticMeshResource.h">
      <Filter>WorkSpace\#ResourceManager</Filter>
    </ClInclude>
    <ClInclude Include="SkinnedModelResource.h">
      <Filter>WorkSpace\#ResourceManager</Filter>
    </ClInclude>
  </ItemGroup>
  <ItemGroup>
    <FxCompile Include="..\Resource\Shader\DbgGrid.hlsl">
      <Filter>Shader</Filter>
    </FxCompile>
    <FxCompile Include="..\Resource\Shader\DebugColor_PS.hlsl">
      <Filter>Shader</Filter>
    </FxCompile>
    <FxCompile Include="..\Resource\Shader\DebugColor_VS.hlsl">
      <Filter>Shader</Filter>
    </FxCompile>
    <FxCompile Include="..\Resource\Shader\DepthOnly_PS.hlsl">
      <Filter>Shader</Filter>
    </FxCompile>
    <FxCompile Include="..\Resource\Shader\DepthOnly_SkinnedVS.hlsl">
      <Filter>Shader</Filter>
    </FxCompile>
    <FxCompile Include="..\Resource\Shader\DepthOnly_VS.hlsl">
      <Filter>Shader</Filter>
    </FxCompile>
    <FxCompile Include="..\Resource\Shader\PixelShader.hlsl">
      <Filter>Shader</Filter>
    </FxCompile>
    <FxCompile Include="..\Resource\Shader\Sky_PS.hlsl">
      <Filter>Shader</Filter>
    </FxCompile>
    <FxCompile Include="..\Resource\Shader\Sky_VS.hlsl">
      <Filter>Shader</Filter>
    </FxCompile>
    <FxCompile Include="..\Resource\Shader\VertexShader.hlsl">
      <Filter>Shader</Filter>
    </FxCompile>
    <FxCompile Include="..\Resource\Shader\VertexShaderSkinning.hlsl">
      <Filter>Shader</Filter>
    </FxCompile>
  </ItemGroup>
  <ItemGroup>
    <None Include="..\Resource\Shader\Shared.hlsli">
      <Filter>Shader</Filter>
    </None>
  </ItemGroup>
</Project>